// !$*UTF8*$!
{
	archiveVersion = 1;
	classes = {
	};
	objectVersion = 46;
	objects = {

/* Begin PBXBuildFile section */
		4B04024914F6BDBD00BD469D /* UIKit.framework in Frameworks */ = {isa = PBXBuildFile; fileRef = 4B04024814F6BDBD00BD469D /* UIKit.framework */; };
		4B04024B14F6BDBD00BD469D /* Foundation.framework in Frameworks */ = {isa = PBXBuildFile; fileRef = 4B04024A14F6BDBD00BD469D /* Foundation.framework */; };
		4B04024D14F6BDBD00BD469D /* CoreGraphics.framework in Frameworks */ = {isa = PBXBuildFile; fileRef = 4B04024C14F6BDBD00BD469D /* CoreGraphics.framework */; };
		4B04025314F6BDBD00BD469D /* InfoPlist.strings in Resources */ = {isa = PBXBuildFile; fileRef = 4B04025114F6BDBD00BD469D /* InfoPlist.strings */; };
		4B04025514F6BDBD00BD469D /* main.m in Sources */ = {isa = PBXBuildFile; fileRef = 4B04025414F6BDBD00BD469D /* main.m */; };
		4B04025914F6BDBD00BD469D /* SBIAppDelegate.m in Sources */ = {isa = PBXBuildFile; fileRef = 4B04025814F6BDBD00BD469D /* SBIAppDelegate.m */; };
		4B04025C14F6BDBD00BD469D /* MainStoryboard.storyboard in Resources */ = {isa = PBXBuildFile; fileRef = 4B04025A14F6BDBD00BD469D /* MainStoryboard.storyboard */; };
		4B04025F14F6BDBD00BD469D /* SBIViewController.m in Sources */ = {isa = PBXBuildFile; fileRef = 4B04025E14F6BDBD00BD469D /* SBIViewController.m */; };
		4B04026714F6BDBD00BD469D /* SenTestingKit.framework in Frameworks */ = {isa = PBXBuildFile; fileRef = 4B04026614F6BDBD00BD469D /* SenTestingKit.framework */; };
		4B04026814F6BDBD00BD469D /* UIKit.framework in Frameworks */ = {isa = PBXBuildFile; fileRef = 4B04024814F6BDBD00BD469D /* UIKit.framework */; };
		4B04026914F6BDBD00BD469D /* Foundation.framework in Frameworks */ = {isa = PBXBuildFile; fileRef = 4B04024A14F6BDBD00BD469D /* Foundation.framework */; };
		4B04027114F6BDBD00BD469D /* InfoPlist.strings in Resources */ = {isa = PBXBuildFile; fileRef = 4B04026F14F6BDBD00BD469D /* InfoPlist.strings */; };
		4B04027414F6BDBD00BD469D /* accTests.m in Sources */ = {isa = PBXBuildFile; fileRef = 4B04027314F6BDBD00BD469D /* accTests.m */; };
		4B04027E14F6CD7C00BD469D /* scotiabank_logo.png in Resources */ = {isa = PBXBuildFile; fileRef = 4B04027D14F6CD7C00BD469D /* scotiabank_logo.png */; };
		4B04028B14F6E01900BD469D /* sbi_icon.png in Resources */ = {isa = PBXBuildFile; fileRef = 4B04028A14F6E01900BD469D /* sbi_icon.png */; };
		4B0F4BCB14F7FC0A00A9E9ED /* test.m in Sources */ = {isa = PBXBuildFile; fileRef = 4B0F4BCA14F7FC0A00A9E9ED /* test.m */; };
/* End PBXBuildFile section */

/* Begin PBXContainerItemProxy section */
		4B04026A14F6BDBD00BD469D /* PBXContainerItemProxy */ = {
			isa = PBXContainerItemProxy;
			containerPortal = 4B04023B14F6BDBD00BD469D /* Project object */;
			proxyType = 1;
			remoteGlobalIDString = 4B04024314F6BDBD00BD469D;
			remoteInfo = acc;
		};
/* End PBXContainerItemProxy section */

/* Begin PBXFileReference section */
		4B04024414F6BDBD00BD469D /* acc.app */ = {isa = PBXFileReference; explicitFileType = wrapper.application; includeInIndex = 0; path = acc.app; sourceTree = BUILT_PRODUCTS_DIR; };
		4B04024814F6BDBD00BD469D /* UIKit.framework */ = {isa = PBXFileReference; lastKnownFileType = wrapper.framework; name = UIKit.framework; path = System/Library/Frameworks/UIKit.framework; sourceTree = SDKROOT; };
		4B04024A14F6BDBD00BD469D /* Foundation.framework */ = {isa = PBXFileReference; lastKnownFileType = wrapper.framework; name = Foundation.framework; path = System/Library/Frameworks/Foundation.framework; sourceTree = SDKROOT; };
		4B04024C14F6BDBD00BD469D /* CoreGraphics.framework */ = {isa = PBXFileReference; lastKnownFileType = wrapper.framework; name = CoreGraphics.framework; path = System/Library/Frameworks/CoreGraphics.framework; sourceTree = SDKROOT; };
		4B04025014F6BDBD00BD469D /* acc-Info.plist */ = {isa = PBXFileReference; lastKnownFileType = text.plist.xml; path = "acc-Info.plist"; sourceTree = "<group>"; };
		4B04025214F6BDBD00BD469D /* en */ = {isa = PBXFileReference; lastKnownFileType = text.plist.strings; name = en; path = en.lproj/InfoPlist.strings; sourceTree = "<group>"; };
		4B04025414F6BDBD00BD469D /* main.m */ = {isa = PBXFileReference; lastKnownFileType = sourcecode.c.objc; path = main.m; sourceTree = "<group>"; };
		4B04025614F6BDBD00BD469D /* acc-Prefix.pch */ = {isa = PBXFileReference; lastKnownFileType = sourcecode.c.h; path = "acc-Prefix.pch"; sourceTree = "<group>"; };
		4B04025714F6BDBD00BD469D /* SBIAppDelegate.h */ = {isa = PBXFileReference; lastKnownFileType = sourcecode.c.h; path = SBIAppDelegate.h; sourceTree = "<group>"; };
		4B04025814F6BDBD00BD469D /* SBIAppDelegate.m */ = {isa = PBXFileReference; lastKnownFileType = sourcecode.c.objc; path = SBIAppDelegate.m; sourceTree = "<group>"; };
		4B04025B14F6BDBD00BD469D /* en */ = {isa = PBXFileReference; lastKnownFileType = file.storyboard; name = en; path = en.lproj/MainStoryboard.storyboard; sourceTree = "<group>"; };
		4B04025D14F6BDBD00BD469D /* SBIViewController.h */ = {isa = PBXFileReference; lastKnownFileType = sourcecode.c.h; path = SBIViewController.h; sourceTree = "<group>"; };
		4B04025E14F6BDBD00BD469D /* SBIViewController.m */ = {isa = PBXFileReference; lastKnownFileType = sourcecode.c.objc; path = SBIViewController.m; sourceTree = "<group>"; };
		4B04026514F6BDBD00BD469D /* accTests.octest */ = {isa = PBXFileReference; explicitFileType = wrapper.cfbundle; includeInIndex = 0; path = accTests.octest; sourceTree = BUILT_PRODUCTS_DIR; };
		4B04026614F6BDBD00BD469D /* SenTestingKit.framework */ = {isa = PBXFileReference; lastKnownFileType = wrapper.framework; name = SenTestingKit.framework; path = Library/Frameworks/SenTestingKit.framework; sourceTree = DEVELOPER_DIR; };
		4B04026E14F6BDBD00BD469D /* accTests-Info.plist */ = {isa = PBXFileReference; lastKnownFileType = text.plist.xml; path = "accTests-Info.plist"; sourceTree = "<group>"; };
		4B04027014F6BDBD00BD469D /* en */ = {isa = PBXFileReference; lastKnownFileType = text.plist.strings; name = en; path = en.lproj/InfoPlist.strings; sourceTree = "<group>"; };
		4B04027214F6BDBD00BD469D /* accTests.h */ = {isa = PBXFileReference; lastKnownFileType = sourcecode.c.h; path = accTests.h; sourceTree = "<group>"; };
		4B04027314F6BDBD00BD469D /* accTests.m */ = {isa = PBXFileReference; lastKnownFileType = sourcecode.c.objc; path = accTests.m; sourceTree = "<group>"; };
		4B04027D14F6CD7C00BD469D /* scotiabank_logo.png */ = {isa = PBXFileReference; lastKnownFileType = image.png; path = scotiabank_logo.png; sourceTree = "<group>"; };
		4B04028A14F6E01900BD469D /* sbi_icon.png */ = {isa = PBXFileReference; lastKnownFileType = image.png; path = sbi_icon.png; sourceTree = "<group>"; };
		4B0F4BC914F7FC0A00A9E9ED /* test.h */ = {isa = PBXFileReference; fileEncoding = 4; lastKnownFileType = sourcecode.c.h; path = test.h; sourceTree = "<group>"; };
		4B0F4BCA14F7FC0A00A9E9ED /* test.m */ = {isa = PBXFileReference; fileEncoding = 4; lastKnownFileType = sourcecode.c.objc; path = test.m; sourceTree = "<group>"; };
/* End PBXFileReference section */

/* Begin PBXFrameworksBuildPhase section */
		4B04024114F6BDBD00BD469D /* Frameworks */ = {
			isa = PBXFrameworksBuildPhase;
			buildActionMask = 2147483647;
			files = (
				4B04024914F6BDBD00BD469D /* UIKit.framework in Frameworks */,
				4B04024B14F6BDBD00BD469D /* Foundation.framework in Frameworks */,
				4B04024D14F6BDBD00BD469D /* CoreGraphics.framework in Frameworks */,
			);
			runOnlyForDeploymentPostprocessing = 0;
		};
		4B04026114F6BDBD00BD469D /* Frameworks */ = {
			isa = PBXFrameworksBuildPhase;
			buildActionMask = 2147483647;
			files = (
				4B04026714F6BDBD00BD469D /* SenTestingKit.framework in Frameworks */,
				4B04026814F6BDBD00BD469D /* UIKit.framework in Frameworks */,
				4B04026914F6BDBD00BD469D /* Foundation.framework in Frameworks */,
			);
			runOnlyForDeploymentPostprocessing = 0;
		};
/* End PBXFrameworksBuildPhase section */

/* Begin PBXGroup section */
		4B04023914F6BDBD00BD469D = {
			isa = PBXGroup;
			children = (
				4B04028A14F6E01900BD469D /* sbi_icon.png */,
				4B04027D14F6CD7C00BD469D /* scotiabank_logo.png */,
				4B04024E14F6BDBD00BD469D /* acc */,
				4B04026C14F6BDBD00BD469D /* accTests */,
				4B04024714F6BDBD00BD469D /* Frameworks */,
				4B04024514F6BDBD00BD469D /* Products */,
			);
			sourceTree = "<group>";
		};
		4B04024514F6BDBD00BD469D /* Products */ = {
			isa = PBXGroup;
			children = (
				4B04024414F6BDBD00BD469D /* acc.app */,
				4B04026514F6BDBD00BD469D /* accTests.octest */,
			);
			name = Products;
			sourceTree = "<group>";
		};
		4B04024714F6BDBD00BD469D /* Frameworks */ = {
			isa = PBXGroup;
			children = (
				4B04024814F6BDBD00BD469D /* UIKit.framework */,
				4B04024A14F6BDBD00BD469D /* Foundation.framework */,
				4B04024C14F6BDBD00BD469D /* CoreGraphics.framework */,
				4B04026614F6BDBD00BD469D /* SenTestingKit.framework */,
			);
			name = Frameworks;
			sourceTree = "<group>";
		};
		4B04024E14F6BDBD00BD469D /* acc */ = {
			isa = PBXGroup;
			children = (
				4B0F4BC914F7FC0A00A9E9ED /* test.h */,
				4B0F4BCA14F7FC0A00A9E9ED /* test.m */,
				4B04025714F6BDBD00BD469D /* SBIAppDelegate.h */,
				4B04025814F6BDBD00BD469D /* SBIAppDelegate.m */,
				4B04025A14F6BDBD00BD469D /* MainStoryboard.storyboard */,
				4B04025D14F6BDBD00BD469D /* SBIViewController.h */,
				4B04025E14F6BDBD00BD469D /* SBIViewController.m */,
				4B04024F14F6BDBD00BD469D /* Supporting Files */,
			);
			path = acc;
			sourceTree = "<group>";
		};
		4B04024F14F6BDBD00BD469D /* Supporting Files */ = {
			isa = PBXGroup;
			children = (
				4B04025014F6BDBD00BD469D /* acc-Info.plist */,
				4B04025114F6BDBD00BD469D /* InfoPlist.strings */,
				4B04025414F6BDBD00BD469D /* main.m */,
				4B04025614F6BDBD00BD469D /* acc-Prefix.pch */,
			);
			name = "Supporting Files";
			sourceTree = "<group>";
		};
		4B04026C14F6BDBD00BD469D /* accTests */ = {
			isa = PBXGroup;
			children = (
				4B04027214F6BDBD00BD469D /* accTests.h */,
				4B04027314F6BDBD00BD469D /* accTests.m */,
				4B04026D14F6BDBD00BD469D /* Supporting Files */,
			);
			path = accTests;
			sourceTree = "<group>";
		};
		4B04026D14F6BDBD00BD469D /* Supporting Files */ = {
			isa = PBXGroup;
			children = (
				4B04026E14F6BDBD00BD469D /* accTests-Info.plist */,
				4B04026F14F6BDBD00BD469D /* InfoPlist.strings */,
			);
			name = "Supporting Files";
			sourceTree = "<group>";
		};
/* End PBXGroup section */

/* Begin PBXNativeTarget section */
		4B04024314F6BDBD00BD469D /* acc */ = {
			isa = PBXNativeTarget;
			buildConfigurationList = 4B04027714F6BDBD00BD469D /* Build configuration list for PBXNativeTarget "acc" */;
			buildPhases = (
				4B04024014F6BDBD00BD469D /* Sources */,
				4B04024114F6BDBD00BD469D /* Frameworks */,
				4B04024214F6BDBD00BD469D /* Resources */,
			);
			buildRules = (
			);
			dependencies = (
			);
			name = acc;
			productName = acc;
			productReference = 4B04024414F6BDBD00BD469D /* acc.app */;
			productType = "com.apple.product-type.application";
		};
		4B04026414F6BDBD00BD469D /* accTests */ = {
			isa = PBXNativeTarget;
			buildConfigurationList = 4B04027A14F6BDBD00BD469D /* Build configuration list for PBXNativeTarget "accTests" */;
			buildPhases = (
				4B04026014F6BDBD00BD469D /* Sources */,
				4B04026114F6BDBD00BD469D /* Frameworks */,
				4B04026214F6BDBD00BD469D /* Resources */,
				4B04026314F6BDBD00BD469D /* ShellScript */,
			);
			buildRules = (
			);
			dependencies = (
				4B04026B14F6BDBD00BD469D /* PBXTargetDependency */,
			);
			name = accTests;
			productName = accTests;
			productReference = 4B04026514F6BDBD00BD469D /* accTests.octest */;
			productType = "com.apple.product-type.bundle";
		};
/* End PBXNativeTarget section */

/* Begin PBXProject section */
		4B04023B14F6BDBD00BD469D /* Project object */ = {
			isa = PBXProject;
			attributes = {
				LastUpgradeCheck = 0420;
				ORGANIZATIONNAME = Scotiabank;
			};
			buildConfigurationList = 4B04023E14F6BDBD00BD469D /* Build configuration list for PBXProject "acc" */;
			compatibilityVersion = "Xcode 3.2";
			developmentRegion = English;
			hasScannedForEncodings = 0;
			knownRegions = (
				en,
			);
			mainGroup = 4B04023914F6BDBD00BD469D;
			productRefGroup = 4B04024514F6BDBD00BD469D /* Products */;
			projectDirPath = "";
			projectRoot = "";
			targets = (
				4B04024314F6BDBD00BD469D /* acc */,
				4B04026414F6BDBD00BD469D /* accTests */,
			);
		};
/* End PBXProject section */

/* Begin PBXResourcesBuildPhase section */
		4B04024214F6BDBD00BD469D /* Resources */ = {
			isa = PBXResourcesBuildPhase;
			buildActionMask = 2147483647;
			files = (
				4B04025314F6BDBD00BD469D /* InfoPlist.strings in Resources */,
				4B04025C14F6BDBD00BD469D /* MainStoryboard.storyboard in Resources */,
				4B04027E14F6CD7C00BD469D /* scotiabank_logo.png in Resources */,
				4B04028B14F6E01900BD469D /* sbi_icon.png in Resources */,
			);
			runOnlyForDeploymentPostprocessing = 0;
		};
		4B04026214F6BDBD00BD469D /* Resources */ = {
			isa = PBXResourcesBuildPhase;
			buildActionMask = 2147483647;
			files = (
				4B04027114F6BDBD00BD469D /* InfoPlist.strings in Resources */,
			);
			runOnlyForDeploymentPostprocessing = 0;
		};
/* End PBXResourcesBuildPhase section */

/* Begin PBXShellScriptBuildPhase section */
		4B04026314F6BDBD00BD469D /* ShellScript */ = {
			isa = PBXShellScriptBuildPhase;
			buildActionMask = 2147483647;
			files = (
			);
			inputPaths = (
			);
			outputPaths = (
			);
			runOnlyForDeploymentPostprocessing = 0;
			shellPath = /bin/sh;
			shellScript = "# Run the unit tests in this test bundle.\n\"${SYSTEM_DEVELOPER_DIR}/Tools/RunUnitTests\"\n";
		};
/* End PBXShellScriptBuildPhase section */

/* Begin PBXSourcesBuildPhase section */
		4B04024014F6BDBD00BD469D /* Sources */ = {
			isa = PBXSourcesBuildPhase;
			buildActionMask = 2147483647;
			files = (
				4B04025514F6BDBD00BD469D /* main.m in Sources */,
				4B04025914F6BDBD00BD469D /* SBIAppDelegate.m in Sources */,
				4B04025F14F6BDBD00BD469D /* SBIViewController.m in Sources */,
				4B0F4BCB14F7FC0A00A9E9ED /* test.m in Sources */,
			);
			runOnlyForDeploymentPostprocessing = 0;
		};
		4B04026014F6BDBD00BD469D /* Sources */ = {
			isa = PBXSourcesBuildPhase;
			buildActionMask = 2147483647;
			files = (
				4B04027414F6BDBD00BD469D /* accTests.m in Sources */,
			);
			runOnlyForDeploymentPostprocessing = 0;
		};
/* End PBXSourcesBuildPhase section */

/* Begin PBXTargetDependency section */
		4B04026B14F6BDBD00BD469D /* PBXTargetDependency */ = {
			isa = PBXTargetDependency;
			target = 4B04024314F6BDBD00BD469D /* acc */;
			targetProxy = 4B04026A14F6BDBD00BD469D /* PBXContainerItemProxy */;
		};
/* End PBXTargetDependency section */

/* Begin PBXVariantGroup section */
		4B04025114F6BDBD00BD469D /* InfoPlist.strings */ = {
			isa = PBXVariantGroup;
			children = (
				4B04025214F6BDBD00BD469D /* en */,
			);
			name = InfoPlist.strings;
			sourceTree = "<group>";
		};
		4B04025A14F6BDBD00BD469D /* MainStoryboard.storyboard */ = {
			isa = PBXVariantGroup;
			children = (
				4B04025B14F6BDBD00BD469D /* en */,
			);
			name = MainStoryboard.storyboard;
			sourceTree = "<group>";
		};
		4B04026F14F6BDBD00BD469D /* InfoPlist.strings */ = {
			isa = PBXVariantGroup;
			children = (
				4B04027014F6BDBD00BD469D /* en */,
			);
			name = InfoPlist.strings;
			sourceTree = "<group>";
		};
/* End PBXVariantGroup section */

/* Begin XCBuildConfiguration section */
		4B04027514F6BDBD00BD469D /* Debug */ = {
			isa = XCBuildConfiguration;
			buildSettings = {
				ALWAYS_SEARCH_USER_PATHS = NO;
				ARCHS = "$(ARCHS_STANDARD_32_BIT)";
				CLANG_ENABLE_OBJC_ARC = YES;
				"CODE_SIGN_IDENTITY[sdk=iphoneos*]" = "iPhone Developer";
				COPY_PHASE_STRIP = NO;
				GCC_C_LANGUAGE_STANDARD = gnu99;
				GCC_DYNAMIC_NO_PIC = NO;
				GCC_OPTIMIZATION_LEVEL = 0;
				GCC_PREPROCESSOR_DEFINITIONS = (
					"DEBUG=1",
					"$(inherited)",
				);
				GCC_SYMBOLS_PRIVATE_EXTERN = NO;
				GCC_VERSION = com.apple.compilers.llvm.clang.1_0;
				GCC_WARN_ABOUT_MISSING_PROTOTYPES = YES;
				GCC_WARN_ABOUT_RETURN_TYPE = YES;
				GCC_WARN_UNUSED_VARIABLE = YES;
				IPHONEOS_DEPLOYMENT_TARGET = 5.0;
				SDKROOT = iphoneos;
				TARGETED_DEVICE_FAMILY = 2;
			};
			name = Debug;
		};
		4B04027614F6BDBD00BD469D /* Release */ = {
			isa = XCBuildConfiguration;
			buildSettings = {
				ALWAYS_SEARCH_USER_PATHS = NO;
				ARCHS = "$(ARCHS_STANDARD_32_BIT)";
				CLANG_ENABLE_OBJC_ARC = YES;
				"CODE_SIGN_IDENTITY[sdk=iphoneos*]" = "iPhone Developer";
				COPY_PHASE_STRIP = YES;
				GCC_C_LANGUAGE_STANDARD = gnu99;
				GCC_VERSION = com.apple.compilers.llvm.clang.1_0;
				GCC_WARN_ABOUT_MISSING_PROTOTYPES = YES;
				GCC_WARN_ABOUT_RETURN_TYPE = YES;
				GCC_WARN_UNUSED_VARIABLE = YES;
				IPHONEOS_DEPLOYMENT_TARGET = 5.0;
				OTHER_CFLAGS = "-DNS_BLOCK_ASSERTIONS=1";
				SDKROOT = iphoneos;
				TARGETED_DEVICE_FAMILY = 2;
				VALIDATE_PRODUCT = YES;
			};
			name = Release;
		};
		4B04027814F6BDBD00BD469D /* Debug */ = {
			isa = XCBuildConfiguration;
			buildSettings = {
				GCC_PRECOMPILE_PREFIX_HEADER = YES;
				GCC_PREFIX_HEADER = "acc/acc-Prefix.pch";
				INFOPLIST_FILE = "acc/acc-Info.plist";
				PRODUCT_NAME = "$(TARGET_NAME)";
				WRAPPER_EXTENSION = app;
			};
			name = Debug;
		};
		4B04027914F6BDBD00BD469D /* Release */ = {
			isa = XCBuildConfiguration;
			buildSettings = {
				GCC_PRECOMPILE_PREFIX_HEADER = YES;
				GCC_PREFIX_HEADER = "acc/acc-Prefix.pch";
				INFOPLIST_FILE = "acc/acc-Info.plist";
				PRODUCT_NAME = "$(TARGET_NAME)";
				WRAPPER_EXTENSION = app;
			};
			name = Release;
		};
		4B04027B14F6BDBD00BD469D /* Debug */ = {
			isa = XCBuildConfiguration;
			buildSettings = {
				BUNDLE_LOADER = "$(BUILT_PRODUCTS_DIR)/acc.app/acc";
				FRAMEWORK_SEARCH_PATHS = (
					"$(SDKROOT)/Developer/Library/Frameworks",
					"$(DEVELOPER_LIBRARY_DIR)/Frameworks",
				);
				GCC_PRECOMPILE_PREFIX_HEADER = YES;
				GCC_PREFIX_HEADER = "acc/acc-Prefix.pch";
				INFOPLIST_FILE = "accTests/accTests-Info.plist";
				PRODUCT_NAME = "$(TARGET_NAME)";
				TEST_HOST = "$(BUNDLE_LOADER)";
				WRAPPER_EXTENSION = octest;
			};
			name = Debug;
		};
		4B04027C14F6BDBD00BD469D /* Release */ = {
			isa = XCBuildConfiguration;
			buildSettings = {
				BUNDLE_LOADER = "$(BUILT_PRODUCTS_DIR)/acc.app/acc";
				FRAMEWORK_SEARCH_PATHS = (
					"$(SDKROOT)/Developer/Library/Frameworks",
					"$(DEVELOPER_LIBRARY_DIR)/Frameworks",
				);
				GCC_PRECOMPILE_PREFIX_HEADER = YES;
				GCC_PREFIX_HEADER = "acc/acc-Prefix.pch";
				INFOPLIST_FILE = "accTests/accTests-Info.plist";
				PRODUCT_NAME = "$(TARGET_NAME)";
				TEST_HOST = "$(BUNDLE_LOADER)";
				WRAPPER_EXTENSION = octest;
			};
			name = Release;
		};
/* End XCBuildConfiguration section */

/* Begin XCConfigurationList section */
		4B04023E14F6BDBD00BD469D /* Build configuration list for PBXProject "acc" */ = {
			isa = XCConfigurationList;
			buildConfigurations = (
				4B04027514F6BDBD00BD469D /* Debug */,
				4B04027614F6BDBD00BD469D /* Release */,
			);
			defaultConfigurationIsVisible = 0;
			defaultConfigurationName = Release;
		};
		4B04027714F6BDBD00BD469D /* Build configuration list for PBXNativeTarget "acc" */ = {
			isa = XCConfigurationList;
			buildConfigurations = (
				4B04027814F6BDBD00BD469D /* Debug */,
				4B04027914F6BDBD00BD469D /* Release */,
			);
			defaultConfigurationIsVisible = 0;
			defaultConfigurationName = Release;
		};
		4B04027A14F6BDBD00BD469D /* Build configuration list for PBXNativeTarget "accTests" */ = {
			isa = XCConfigurationList;
			buildConfigurations = (
				4B04027B14F6BDBD00BD469D /* Debug */,
				4B04027C14F6BDBD00BD469D /* Release */,
			);
			defaultConfigurationIsVisible = 0;
			defaultConfigurationName = Release;
		};
/* End XCConfigurationList section */
	};
	rootObject = 4B04023B14F6BDBD00BD469D /* Project object */;
}
