// !$*UTF8*$!
{
	archiveVersion = 1;
	classes = {
	};
	objectVersion = 46;
	objects = {

/* Begin PBXBuildFile section */
		4B300637152BA3CF0090CC9E /* SBILoginViewController.xib in Resources */ = {isa = PBXBuildFile; fileRef = 4B300638152BA3CF0090CC9E /* SBILoginViewController.xib */; };
		4B342A96153C6A13000EDDDB /* EGORefreshTableHeaderView.m in Sources */ = {isa = PBXBuildFile; fileRef = 4B342A95153C6A13000EDDDB /* EGORefreshTableHeaderView.m */; };
		4B342A9F153C7545000EDDDB /* whiteArrow@2x.png in Resources */ = {isa = PBXBuildFile; fileRef = 4B342A97153C7544000EDDDB /* whiteArrow@2x.png */; };
		4B342AA0153C7545000EDDDB /* whiteArrow.png in Resources */ = {isa = PBXBuildFile; fileRef = 4B342A98153C7544000EDDDB /* whiteArrow.png */; };
		4B342AA1153C7545000EDDDB /* grayArrow@2x.png in Resources */ = {isa = PBXBuildFile; fileRef = 4B342A99153C7544000EDDDB /* grayArrow@2x.png */; };
		4B342AA2153C7545000EDDDB /* grayArrow.png in Resources */ = {isa = PBXBuildFile; fileRef = 4B342A9A153C7544000EDDDB /* grayArrow.png */; };
		4B342AA3153C7545000EDDDB /* blueArrow@2x.png in Resources */ = {isa = PBXBuildFile; fileRef = 4B342A9B153C7544000EDDDB /* blueArrow@2x.png */; };
		4B342AA4153C7545000EDDDB /* blueArrow.png in Resources */ = {isa = PBXBuildFile; fileRef = 4B342A9C153C7544000EDDDB /* blueArrow.png */; };
		4B342AA5153C7545000EDDDB /* blackArrow@2x.png in Resources */ = {isa = PBXBuildFile; fileRef = 4B342A9D153C7544000EDDDB /* blackArrow@2x.png */; };
		4B342AA6153C7545000EDDDB /* blackArrow.png in Resources */ = {isa = PBXBuildFile; fileRef = 4B342A9E153C7545000EDDDB /* blackArrow.png */; };
		4B43E5E21534ABAA00D19AD3 /* RootView.xib in Resources */ = {isa = PBXBuildFile; fileRef = 4B43E5E11534ABAA00D19AD3 /* RootView.xib */; };
		4B53B26D151BBF15003620E0 /* UIKit.framework in Frameworks */ = {isa = PBXBuildFile; fileRef = 4B53B26C151BBF15003620E0 /* UIKit.framework */; };
		4B53B26F151BBF15003620E0 /* Foundation.framework in Frameworks */ = {isa = PBXBuildFile; fileRef = 4B53B26E151BBF15003620E0 /* Foundation.framework */; };
		4B53B271151BBF15003620E0 /* CoreGraphics.framework in Frameworks */ = {isa = PBXBuildFile; fileRef = 4B53B270151BBF15003620E0 /* CoreGraphics.framework */; };
		4B53B277151BBF15003620E0 /* InfoPlist.strings in Resources */ = {isa = PBXBuildFile; fileRef = 4B53B275151BBF15003620E0 /* InfoPlist.strings */; };
		4B53B279151BBF15003620E0 /* main.m in Sources */ = {isa = PBXBuildFile; fileRef = 4B53B278151BBF15003620E0 /* main.m */; };
		4B53B27D151BBF15003620E0 /* SBIAppDelegate.m in Sources */ = {isa = PBXBuildFile; fileRef = 4B53B27C151BBF15003620E0 /* SBIAppDelegate.m */; };
		4B53B280151BBF15003620E0 /* SBILoginViewController.m in Sources */ = {isa = PBXBuildFile; fileRef = 4B53B27F151BBF15003620E0 /* SBILoginViewController.m */; };
		4B53B28F151BCCDA003620E0 /* RootViewController.m in Sources */ = {isa = PBXBuildFile; fileRef = 4B53B28E151BCCDA003620E0 /* RootViewController.m */; };
		4B53B292151BCD75003620E0 /* DetailViewController.m in Sources */ = {isa = PBXBuildFile; fileRef = 4B53B291151BCD75003620E0 /* DetailViewController.m */; };
		4B53B299151BCEDC003620E0 /* RootLevel1.m in Sources */ = {isa = PBXBuildFile; fileRef = 4B53B297151BCEDB003620E0 /* RootLevel1.m */; };
		4B53B29A151BCEDC003620E0 /* RootLevel1.xib in Resources */ = {isa = PBXBuildFile; fileRef = 4B53B298151BCEDC003620E0 /* RootLevel1.xib */; };
		4B53B29E151BCF27003620E0 /* DetailLevel1.m in Sources */ = {isa = PBXBuildFile; fileRef = 4B53B29C151BCF26003620E0 /* DetailLevel1.m */; };
		4B53B29F151BCF27003620E0 /* DetailLevel1.xib in Resources */ = {isa = PBXBuildFile; fileRef = 4B53B29D151BCF27003620E0 /* DetailLevel1.xib */; };
		4B53B2A7151BD11A003620E0 /* RootLevel2.m in Sources */ = {isa = PBXBuildFile; fileRef = 4B53B2A5151BD119003620E0 /* RootLevel2.m */; };
		4B53B2A8151BD11A003620E0 /* RootLevel2.xib in Resources */ = {isa = PBXBuildFile; fileRef = 4B53B2A6151BD11A003620E0 /* RootLevel2.xib */; };
		4B53B2AC151BD155003620E0 /* DetailLevel2.m in Sources */ = {isa = PBXBuildFile; fileRef = 4B53B2AA151BD154003620E0 /* DetailLevel2.m */; };
		4B53B2AD151BD155003620E0 /* DetailLevel2.xib in Resources */ = {isa = PBXBuildFile; fileRef = 4B53B2AB151BD155003620E0 /* DetailLevel2.xib */; };
		4B53B2BB151CDED4003620E0 /* MainWindow.xib in Resources */ = {isa = PBXBuildFile; fileRef = 4B53B2BA151CDED2003620E0 /* MainWindow.xib */; };
		4B53B2BD151CEC9C003620E0 /* DetailView.xib in Resources */ = {isa = PBXBuildFile; fileRef = 4B53B2BC151CEC9B003620E0 /* DetailView.xib */; };
		4B768AFD15212B8F00A53B98 /* Application.m in Sources */ = {isa = PBXBuildFile; fileRef = 4B768AFC15212B8F00A53B98 /* Application.m */; };
		4B768B00152130A200A53B98 /* ApplicationType.m in Sources */ = {isa = PBXBuildFile; fileRef = 4B768AFF152130A200A53B98 /* ApplicationType.m */; };
		4B768B0615220C8300A53B98 /* MobileCoreServices.framework in Frameworks */ = {isa = PBXBuildFile; fileRef = 4B768B0515220C8300A53B98 /* MobileCoreServices.framework */; };
		4B768B0815220C9100A53B98 /* CFNetwork.framework in Frameworks */ = {isa = PBXBuildFile; fileRef = 4B768B0715220C9100A53B98 /* CFNetwork.framework */; };
		4B768B0A15220C9D00A53B98 /* SystemConfiguration.framework in Frameworks */ = {isa = PBXBuildFile; fileRef = 4B768B0915220C9D00A53B98 /* SystemConfiguration.framework */; };
		4B768B0C15220CB100A53B98 /* libxml2.dylib in Frameworks */ = {isa = PBXBuildFile; fileRef = 4B768B0B15220CB100A53B98 /* libxml2.dylib */; };
		4B768B1015220CF600A53B98 /* CoreData.framework in Frameworks */ = {isa = PBXBuildFile; fileRef = 4B768B0F15220CF600A53B98 /* CoreData.framework */; };
		4B77F195152CA78900FAB9D6 /* ProjectType.m in Sources */ = {isa = PBXBuildFile; fileRef = 4B77F194152CA78800FAB9D6 /* ProjectType.m */; };
		4B77F198152CA7F800FAB9D6 /* ProjectSize.m in Sources */ = {isa = PBXBuildFile; fileRef = 4B77F197152CA7F800FAB9D6 /* ProjectSize.m */; };
		4B77F1C1152CF76800FAB9D6 /* Project.m in Sources */ = {isa = PBXBuildFile; fileRef = 4B77F1BE152CF76700FAB9D6 /* Project.m */; };
		4B77F1C2152CF76800FAB9D6 /* Portfolio.m in Sources */ = {isa = PBXBuildFile; fileRef = 4B77F1C0152CF76800FAB9D6 /* Portfolio.m */; };
		4B81EAFB151D203600DFFEB0 /* sbi_icon.png in Resources */ = {isa = PBXBuildFile; fileRef = 4B81EAF9151D203600DFFEB0 /* sbi_icon.png */; };
		4B81EAFC151D203600DFFEB0 /* scotiabank_logo.png in Resources */ = {isa = PBXBuildFile; fileRef = 4B81EAFA151D203600DFFEB0 /* scotiabank_logo.png */; };
		4BB39AFE1534EC28007CDE55 /* ProjectGroup.m in Sources */ = {isa = PBXBuildFile; fileRef = 4BB39AFD1534EC28007CDE55 /* ProjectGroup.m */; };
		4BE8E43515221E5F0044D463 /* libRestKitCoreData.a in Frameworks */ = {isa = PBXBuildFile; fileRef = 4BE8E42915221D030044D463 /* libRestKitCoreData.a */; };
		4BE8E43615221E5F0044D463 /* libRestKitJSONParserJSONKit.a in Frameworks */ = {isa = PBXBuildFile; fileRef = 4BE8E42515221D030044D463 /* libRestKitJSONParserJSONKit.a */; };
		4BE8E43715221E5F0044D463 /* libRestKitNetwork.a in Frameworks */ = {isa = PBXBuildFile; fileRef = 4BE8E41915221D030044D463 /* libRestKitNetwork.a */; };
		4BE8E43815221E5F0044D463 /* libRestKitObjectMapping.a in Frameworks */ = {isa = PBXBuildFile; fileRef = 4BE8E41B15221D030044D463 /* libRestKitObjectMapping.a */; };
		4BE8E43915221E5F0044D463 /* libRestKitSupport.a in Frameworks */ = {isa = PBXBuildFile; fileRef = 4BE8E41D15221D030044D463 /* libRestKitSupport.a */; };
		4BE8E43A15221E5F0044D463 /* libRestKitXMLParserLibxml.a in Frameworks */ = {isa = PBXBuildFile; fileRef = 4BE8E42715221D030044D463 /* libRestKitXMLParserLibxml.a */; };
		4BE8E43C15221EA50044D463 /* Security.framework in Frameworks */ = {isa = PBXBuildFile; fileRef = 4BE8E43B15221EA50044D463 /* Security.framework */; };
		4BE8E43E15221EC60044D463 /* QuartzCore.framework in Frameworks */ = {isa = PBXBuildFile; fileRef = 4BE8E43D15221EC60044D463 /* QuartzCore.framework */; };
/* End PBXBuildFile section */

/* Begin PBXContainerItemProxy section */
		4BE8E41815221D030044D463 /* PBXContainerItemProxy */ = {
			isa = PBXContainerItemProxy;
			containerPortal = 4BE8E40415221D030044D463 /* RestKit.xcodeproj */;
			proxyType = 2;
			remoteGlobalIDString = 253A07FC1255161B00976E89;
			remoteInfo = RestKitNetwork;
		};
		4BE8E41A15221D030044D463 /* PBXContainerItemProxy */ = {
			isa = PBXContainerItemProxy;
			containerPortal = 4BE8E40415221D030044D463 /* RestKit.xcodeproj */;
			proxyType = 2;
			remoteGlobalIDString = 253A08031255162C00976E89;
			remoteInfo = RestKitObjectMapping;
		};
		4BE8E41C15221D030044D463 /* PBXContainerItemProxy */ = {
			isa = PBXContainerItemProxy;
			containerPortal = 4BE8E40415221D030044D463 /* RestKit.xcodeproj */;
			proxyType = 2;
			remoteGlobalIDString = 253A080C12551D3000976E89;
			remoteInfo = RestKitSupport;
		};
		4BE8E41E15221D030044D463 /* PBXContainerItemProxy */ = {
			isa = PBXContainerItemProxy;
			containerPortal = 4BE8E40415221D030044D463 /* RestKit.xcodeproj */;
			proxyType = 2;
			remoteGlobalIDString = 20808DBD13DE8CDC000A156A;
			remoteInfo = "RestKitJSONParser+NXJSON";
		};
		4BE8E42015221D030044D463 /* PBXContainerItemProxy */ = {
			isa = PBXContainerItemProxy;
			containerPortal = 4BE8E40415221D030044D463 /* RestKit.xcodeproj */;
			proxyType = 2;
			remoteGlobalIDString = 2590E64F125231F600531FA8;
			remoteInfo = "RestKitJSONParser+YAJL";
		};
		4BE8E42215221D030044D463 /* PBXContainerItemProxy */ = {
			isa = PBXContainerItemProxy;
			containerPortal = 4BE8E40415221D030044D463 /* RestKit.xcodeproj */;
			proxyType = 2;
			remoteGlobalIDString = 2590E66B1252353700531FA8;
			remoteInfo = "RestKitJSONParser+SBJSON";
		};
		4BE8E42415221D030044D463 /* PBXContainerItemProxy */ = {
			isa = PBXContainerItemProxy;
			containerPortal = 4BE8E40415221D030044D463 /* RestKit.xcodeproj */;
			proxyType = 2;
			remoteGlobalIDString = 73057FD11331AD2E001908EE;
			remoteInfo = "RestKitJSONParser+JSONKit";
		};
		4BE8E42615221D030044D463 /* PBXContainerItemProxy */ = {
			isa = PBXContainerItemProxy;
			containerPortal = 4BE8E40415221D030044D463 /* RestKit.xcodeproj */;
			proxyType = 2;
			remoteGlobalIDString = 25BD43BD1340315800DBACDD;
			remoteInfo = "RestKitXMLParser+Libxml";
		};
		4BE8E42815221D030044D463 /* PBXContainerItemProxy */ = {
			isa = PBXContainerItemProxy;
			containerPortal = 4BE8E40415221D030044D463 /* RestKit.xcodeproj */;
			proxyType = 2;
			remoteGlobalIDString = 253A081412551D5300976E89;
			remoteInfo = RestKitCoreData;
		};
		4BE8E42A15221D030044D463 /* PBXContainerItemProxy */ = {
			isa = PBXContainerItemProxy;
			containerPortal = 4BE8E40415221D030044D463 /* RestKit.xcodeproj */;
			proxyType = 2;
			remoteGlobalIDString = 2523360511E79F090048F9B4;
			remoteInfo = RestKitThree20;
		};
		4BE8E42C15221D030044D463 /* PBXContainerItemProxy */ = {
			isa = PBXContainerItemProxy;
			containerPortal = 4BE8E40415221D030044D463 /* RestKit.xcodeproj */;
			proxyType = 2;
			remoteGlobalIDString = 3F6C39A510FE5C95008F47C5;
			remoteInfo = UISpec;
		};
		4BE8E43315221D330044D463 /* PBXContainerItemProxy */ = {
			isa = PBXContainerItemProxy;
			containerPortal = 4BE8E40415221D030044D463 /* RestKit.xcodeproj */;
			proxyType = 1;
			remoteGlobalIDString = 255B7588133BABBF00ED76AD;
			remoteInfo = RestKit;
		};
/* End PBXContainerItemProxy section */

/* Begin PBXFileReference section */
		4B300638152BA3CF0090CC9E /* SBILoginViewController.xib */ = {isa = PBXFileReference; lastKnownFileType = file.xib; path = SBILoginViewController.xib; sourceTree = "<group>"; };
		4B342A94153C6A13000EDDDB /* EGORefreshTableHeaderView.h */ = {isa = PBXFileReference; fileEncoding = 4; lastKnownFileType = sourcecode.c.h; path = EGORefreshTableHeaderView.h; sourceTree = "<group>"; };
		4B342A95153C6A13000EDDDB /* EGORefreshTableHeaderView.m */ = {isa = PBXFileReference; fileEncoding = 4; lastKnownFileType = sourcecode.c.objc; path = EGORefreshTableHeaderView.m; sourceTree = "<group>"; };
		4B342A97153C7544000EDDDB /* whiteArrow@2x.png */ = {isa = PBXFileReference; lastKnownFileType = image.png; name = "whiteArrow@2x.png"; path = "../../../../Downloads/enormego-EGOTableViewPullRefresh-743679f-1/EGOTableViewPullRefresh/Resources/whiteArrow@2x.png"; sourceTree = "<group>"; };
		4B342A98153C7544000EDDDB /* whiteArrow.png */ = {isa = PBXFileReference; lastKnownFileType = image.png; name = whiteArrow.png; path = "../../../../Downloads/enormego-EGOTableViewPullRefresh-743679f-1/EGOTableViewPullRefresh/Resources/whiteArrow.png"; sourceTree = "<group>"; };
		4B342A99153C7544000EDDDB /* grayArrow@2x.png */ = {isa = PBXFileReference; lastKnownFileType = image.png; name = "grayArrow@2x.png"; path = "../../../../Downloads/enormego-EGOTableViewPullRefresh-743679f-1/EGOTableViewPullRefresh/Resources/grayArrow@2x.png"; sourceTree = "<group>"; };
		4B342A9A153C7544000EDDDB /* grayArrow.png */ = {isa = PBXFileReference; lastKnownFileType = image.png; name = grayArrow.png; path = "../../../../Downloads/enormego-EGOTableViewPullRefresh-743679f-1/EGOTableViewPullRefresh/Resources/grayArrow.png"; sourceTree = "<group>"; };
		4B342A9B153C7544000EDDDB /* blueArrow@2x.png */ = {isa = PBXFileReference; lastKnownFileType = image.png; name = "blueArrow@2x.png"; path = "../../../../Downloads/enormego-EGOTableViewPullRefresh-743679f-1/EGOTableViewPullRefresh/Resources/blueArrow@2x.png"; sourceTree = "<group>"; };
		4B342A9C153C7544000EDDDB /* blueArrow.png */ = {isa = PBXFileReference; lastKnownFileType = image.png; name = blueArrow.png; path = "../../../../Downloads/enormego-EGOTableViewPullRefresh-743679f-1/EGOTableViewPullRefresh/Resources/blueArrow.png"; sourceTree = "<group>"; };
		4B342A9D153C7544000EDDDB /* blackArrow@2x.png */ = {isa = PBXFileReference; lastKnownFileType = image.png; name = "blackArrow@2x.png"; path = "../../../../Downloads/enormego-EGOTableViewPullRefresh-743679f-1/EGOTableViewPullRefresh/Resources/blackArrow@2x.png"; sourceTree = "<group>"; };
		4B342A9E153C7545000EDDDB /* blackArrow.png */ = {isa = PBXFileReference; lastKnownFileType = image.png; name = blackArrow.png; path = "../../../../Downloads/enormego-EGOTableViewPullRefresh-743679f-1/EGOTableViewPullRefresh/Resources/blackArrow.png"; sourceTree = "<group>"; };
		4B43E5E11534ABAA00D19AD3 /* RootView.xib */ = {isa = PBXFileReference; fileEncoding = 4; lastKnownFileType = file.xib; path = RootView.xib; sourceTree = "<group>"; };
		4B53B268151BBF15003620E0 /* ACC Center.app */ = {isa = PBXFileReference; explicitFileType = wrapper.application; includeInIndex = 0; path = "ACC Center.app"; sourceTree = BUILT_PRODUCTS_DIR; };
		4B53B26C151BBF15003620E0 /* UIKit.framework */ = {isa = PBXFileReference; lastKnownFileType = wrapper.framework; name = UIKit.framework; path = System/Library/Frameworks/UIKit.framework; sourceTree = SDKROOT; };
		4B53B26E151BBF15003620E0 /* Foundation.framework */ = {isa = PBXFileReference; lastKnownFileType = wrapper.framework; name = Foundation.framework; path = System/Library/Frameworks/Foundation.framework; sourceTree = SDKROOT; };
		4B53B270151BBF15003620E0 /* CoreGraphics.framework */ = {isa = PBXFileReference; lastKnownFileType = wrapper.framework; name = CoreGraphics.framework; path = System/Library/Frameworks/CoreGraphics.framework; sourceTree = SDKROOT; };
		4B53B274151BBF15003620E0 /* ACC Center-Info.plist */ = {isa = PBXFileReference; lastKnownFileType = text.plist.xml; path = "ACC Center-Info.plist"; sourceTree = "<group>"; };
		4B53B276151BBF15003620E0 /* en */ = {isa = PBXFileReference; lastKnownFileType = text.plist.strings; name = en; path = en.lproj/InfoPlist.strings; sourceTree = "<group>"; };
		4B53B278151BBF15003620E0 /* main.m */ = {isa = PBXFileReference; lastKnownFileType = sourcecode.c.objc; path = main.m; sourceTree = "<group>"; };
		4B53B27A151BBF15003620E0 /* ACC Center-Prefix.pch */ = {isa = PBXFileReference; lastKnownFileType = sourcecode.c.h; path = "ACC Center-Prefix.pch"; sourceTree = "<group>"; };
		4B53B27B151BBF15003620E0 /* SBIAppDelegate.h */ = {isa = PBXFileReference; lastKnownFileType = sourcecode.c.h; path = SBIAppDelegate.h; sourceTree = "<group>"; };
		4B53B27C151BBF15003620E0 /* SBIAppDelegate.m */ = {isa = PBXFileReference; lastKnownFileType = sourcecode.c.objc; path = SBIAppDelegate.m; sourceTree = "<group>"; };
		4B53B27E151BBF15003620E0 /* SBILoginViewController.h */ = {isa = PBXFileReference; lastKnownFileType = sourcecode.c.h; path = SBILoginViewController.h; sourceTree = "<group>"; };
		4B53B27F151BBF15003620E0 /* SBILoginViewController.m */ = {isa = PBXFileReference; lastKnownFileType = sourcecode.c.objc; path = SBILoginViewController.m; sourceTree = "<group>"; };
		4B53B28D151BCCDA003620E0 /* RootViewController.h */ = {isa = PBXFileReference; fileEncoding = 4; lastKnownFileType = sourcecode.c.h; path = RootViewController.h; sourceTree = "<group>"; };
		4B53B28E151BCCDA003620E0 /* RootViewController.m */ = {isa = PBXFileReference; fileEncoding = 4; lastKnownFileType = sourcecode.c.objc; path = RootViewController.m; sourceTree = "<group>"; };
		4B53B290151BCD75003620E0 /* DetailViewController.h */ = {isa = PBXFileReference; fileEncoding = 4; lastKnownFileType = sourcecode.c.h; path = DetailViewController.h; sourceTree = "<group>"; };
		4B53B291151BCD75003620E0 /* DetailViewController.m */ = {isa = PBXFileReference; fileEncoding = 4; lastKnownFileType = sourcecode.c.objc; path = DetailViewController.m; sourceTree = "<group>"; };
		4B53B296151BCEDB003620E0 /* RootLevel1.h */ = {isa = PBXFileReference; fileEncoding = 4; lastKnownFileType = sourcecode.c.h; path = RootLevel1.h; sourceTree = "<group>"; };
		4B53B297151BCEDB003620E0 /* RootLevel1.m */ = {isa = PBXFileReference; fileEncoding = 4; lastKnownFileType = sourcecode.c.objc; path = RootLevel1.m; sourceTree = "<group>"; };
		4B53B298151BCEDC003620E0 /* RootLevel1.xib */ = {isa = PBXFileReference; fileEncoding = 4; lastKnownFileType = file.xib; path = RootLevel1.xib; sourceTree = "<group>"; };
		4B53B29B151BCF26003620E0 /* DetailLevel1.h */ = {isa = PBXFileReference; fileEncoding = 4; lastKnownFileType = sourcecode.c.h; path = DetailLevel1.h; sourceTree = "<group>"; };
		4B53B29C151BCF26003620E0 /* DetailLevel1.m */ = {isa = PBXFileReference; fileEncoding = 4; lastKnownFileType = sourcecode.c.objc; path = DetailLevel1.m; sourceTree = "<group>"; };
		4B53B29D151BCF27003620E0 /* DetailLevel1.xib */ = {isa = PBXFileReference; fileEncoding = 4; lastKnownFileType = file.xib; path = DetailLevel1.xib; sourceTree = "<group>"; };
		4B53B2A4151BD119003620E0 /* RootLevel2.h */ = {isa = PBXFileReference; fileEncoding = 4; lastKnownFileType = sourcecode.c.h; path = RootLevel2.h; sourceTree = "<group>"; };
		4B53B2A5151BD119003620E0 /* RootLevel2.m */ = {isa = PBXFileReference; fileEncoding = 4; lastKnownFileType = sourcecode.c.objc; path = RootLevel2.m; sourceTree = "<group>"; };
		4B53B2A6151BD11A003620E0 /* RootLevel2.xib */ = {isa = PBXFileReference; fileEncoding = 4; lastKnownFileType = file.xib; path = RootLevel2.xib; sourceTree = "<group>"; };
		4B53B2A9151BD153003620E0 /* DetailLevel2.h */ = {isa = PBXFileReference; fileEncoding = 4; lastKnownFileType = sourcecode.c.h; path = DetailLevel2.h; sourceTree = "<group>"; };
		4B53B2AA151BD154003620E0 /* DetailLevel2.m */ = {isa = PBXFileReference; fileEncoding = 4; lastKnownFileType = sourcecode.c.objc; path = DetailLevel2.m; sourceTree = "<group>"; };
		4B53B2AB151BD155003620E0 /* DetailLevel2.xib */ = {isa = PBXFileReference; fileEncoding = 4; lastKnownFileType = file.xib; path = DetailLevel2.xib; sourceTree = "<group>"; };
		4B53B2BA151CDED2003620E0 /* MainWindow.xib */ = {isa = PBXFileReference; fileEncoding = 4; lastKnownFileType = file.xib; path = MainWindow.xib; sourceTree = "<group>"; };
		4B53B2BC151CEC9B003620E0 /* DetailView.xib */ = {isa = PBXFileReference; fileEncoding = 4; lastKnownFileType = file.xib; path = DetailView.xib; sourceTree = "<group>"; };
		4B768AF31521297300A53B98 /* SBICatalog.h */ = {isa = PBXFileReference; fileEncoding = 4; lastKnownFileType = sourcecode.c.h; path = SBICatalog.h; sourceTree = "<group>"; };
		4B768AFB15212B8F00A53B98 /* Application.h */ = {isa = PBXFileReference; fileEncoding = 4; lastKnownFileType = sourcecode.c.h; name = Application.h; path = ACC/Application.h; sourceTree = "<group>"; };
		4B768AFC15212B8F00A53B98 /* Application.m */ = {isa = PBXFileReference; fileEncoding = 4; lastKnownFileType = sourcecode.c.objc; name = Application.m; path = ACC/Application.m; sourceTree = "<group>"; };
		4B768AFE152130A200A53B98 /* ApplicationType.h */ = {isa = PBXFileReference; fileEncoding = 4; lastKnownFileType = sourcecode.c.h; name = ApplicationType.h; path = ACC/ApplicationType.h; sourceTree = "<group>"; };
		4B768AFF152130A200A53B98 /* ApplicationType.m */ = {isa = PBXFileReference; fileEncoding = 4; lastKnownFileType = sourcecode.c.objc; name = ApplicationType.m; path = ACC/ApplicationType.m; sourceTree = "<group>"; };
		4B768B0515220C8300A53B98 /* MobileCoreServices.framework */ = {isa = PBXFileReference; lastKnownFileType = wrapper.framework; name = MobileCoreServices.framework; path = System/Library/Frameworks/MobileCoreServices.framework; sourceTree = SDKROOT; };
		4B768B0715220C9100A53B98 /* CFNetwork.framework */ = {isa = PBXFileReference; lastKnownFileType = wrapper.framework; name = CFNetwork.framework; path = System/Library/Frameworks/CFNetwork.framework; sourceTree = SDKROOT; };
		4B768B0915220C9D00A53B98 /* SystemConfiguration.framework */ = {isa = PBXFileReference; lastKnownFileType = wrapper.framework; name = SystemConfiguration.framework; path = System/Library/Frameworks/SystemConfiguration.framework; sourceTree = SDKROOT; };
		4B768B0B15220CB100A53B98 /* libxml2.dylib */ = {isa = PBXFileReference; lastKnownFileType = "compiled.mach-o.dylib"; name = libxml2.dylib; path = usr/lib/libxml2.dylib; sourceTree = SDKROOT; };
		4B768B0F15220CF600A53B98 /* CoreData.framework */ = {isa = PBXFileReference; lastKnownFileType = wrapper.framework; name = CoreData.framework; path = System/Library/Frameworks/CoreData.framework; sourceTree = SDKROOT; };
		4B77F193152CA78800FAB9D6 /* ProjectType.h */ = {isa = PBXFileReference; fileEncoding = 4; lastKnownFileType = sourcecode.c.h; name = ProjectType.h; path = ACC/ProjectType.h; sourceTree = "<group>"; };
		4B77F194152CA78800FAB9D6 /* ProjectType.m */ = {isa = PBXFileReference; fileEncoding = 4; lastKnownFileType = sourcecode.c.objc; name = ProjectType.m; path = ACC/ProjectType.m; sourceTree = "<group>"; };
		4B77F196152CA7F700FAB9D6 /* ProjectSize.h */ = {isa = PBXFileReference; fileEncoding = 4; lastKnownFileType = sourcecode.c.h; name = ProjectSize.h; path = ACC/ProjectSize.h; sourceTree = "<group>"; };
		4B77F197152CA7F800FAB9D6 /* ProjectSize.m */ = {isa = PBXFileReference; fileEncoding = 4; lastKnownFileType = sourcecode.c.objc; name = ProjectSize.m; path = ACC/ProjectSize.m; sourceTree = "<group>"; };
		4B77F1BD152CF76700FAB9D6 /* Project.h */ = {isa = PBXFileReference; fileEncoding = 4; lastKnownFileType = sourcecode.c.h; name = Project.h; path = ACC/Project.h; sourceTree = "<group>"; };
		4B77F1BE152CF76700FAB9D6 /* Project.m */ = {isa = PBXFileReference; fileEncoding = 4; lastKnownFileType = sourcecode.c.objc; name = Project.m; path = ACC/Project.m; sourceTree = "<group>"; };
		4B77F1BF152CF76800FAB9D6 /* Portfolio.h */ = {isa = PBXFileReference; fileEncoding = 4; lastKnownFileType = sourcecode.c.h; name = Portfolio.h; path = ACC/Portfolio.h; sourceTree = "<group>"; };
		4B77F1C0152CF76800FAB9D6 /* Portfolio.m */ = {isa = PBXFileReference; fileEncoding = 4; lastKnownFileType = sourcecode.c.objc; name = Portfolio.m; path = ACC/Portfolio.m; sourceTree = "<group>"; };
		4B81EAF9151D203600DFFEB0 /* sbi_icon.png */ = {isa = PBXFileReference; lastKnownFileType = image.png; path = sbi_icon.png; sourceTree = "<group>"; };
		4B81EAFA151D203600DFFEB0 /* scotiabank_logo.png */ = {isa = PBXFileReference; lastKnownFileType = image.png; path = scotiabank_logo.png; sourceTree = "<group>"; };
		4BB39AFC1534EC28007CDE55 /* ProjectGroup.h */ = {isa = PBXFileReference; fileEncoding = 4; lastKnownFileType = sourcecode.c.h; name = ProjectGroup.h; path = ACC/ProjectGroup.h; sourceTree = "<group>"; };
		4BB39AFD1534EC28007CDE55 /* ProjectGroup.m */ = {isa = PBXFileReference; fileEncoding = 4; lastKnownFileType = sourcecode.c.objc; name = ProjectGroup.m; path = ACC/ProjectGroup.m; sourceTree = "<group>"; };
		4BE8E40415221D030044D463 /* RestKit.xcodeproj */ = {isa = PBXFileReference; lastKnownFileType = "wrapper.pb-project"; name = RestKit.xcodeproj; path = "RestKit-RestKit-991bd5c/RestKit.xcodeproj"; sourceTree = "<group>"; };
		4BE8E43B15221EA50044D463 /* Security.framework */ = {isa = PBXFileReference; lastKnownFileType = wrapper.framework; name = Security.framework; path = System/Library/Frameworks/Security.framework; sourceTree = SDKROOT; };
		4BE8E43D15221EC60044D463 /* QuartzCore.framework */ = {isa = PBXFileReference; lastKnownFileType = wrapper.framework; name = QuartzCore.framework; path = System/Library/Frameworks/QuartzCore.framework; sourceTree = SDKROOT; };
/* End PBXFileReference section */

/* Begin PBXFrameworksBuildPhase section */
		4B53B265151BBF15003620E0 /* Frameworks */ = {
			isa = PBXFrameworksBuildPhase;
			buildActionMask = 2147483647;
			files = (
				4BE8E43E15221EC60044D463 /* QuartzCore.framework in Frameworks */,
				4BE8E43C15221EA50044D463 /* Security.framework in Frameworks */,
				4BE8E43515221E5F0044D463 /* libRestKitCoreData.a in Frameworks */,
				4BE8E43615221E5F0044D463 /* libRestKitJSONParserJSONKit.a in Frameworks */,
				4BE8E43715221E5F0044D463 /* libRestKitNetwork.a in Frameworks */,
				4BE8E43815221E5F0044D463 /* libRestKitObjectMapping.a in Frameworks */,
				4BE8E43915221E5F0044D463 /* libRestKitSupport.a in Frameworks */,
				4BE8E43A15221E5F0044D463 /* libRestKitXMLParserLibxml.a in Frameworks */,
				4B768B1015220CF600A53B98 /* CoreData.framework in Frameworks */,
				4B768B0C15220CB100A53B98 /* libxml2.dylib in Frameworks */,
				4B768B0A15220C9D00A53B98 /* SystemConfiguration.framework in Frameworks */,
				4B768B0815220C9100A53B98 /* CFNetwork.framework in Frameworks */,
				4B768B0615220C8300A53B98 /* MobileCoreServices.framework in Frameworks */,
				4B53B26D151BBF15003620E0 /* UIKit.framework in Frameworks */,
				4B53B26F151BBF15003620E0 /* Foundation.framework in Frameworks */,
				4B53B271151BBF15003620E0 /* CoreGraphics.framework in Frameworks */,
			);
			runOnlyForDeploymentPostprocessing = 0;
		};
/* End PBXFrameworksBuildPhase section */

/* Begin PBXGroup section */
		4B53B25D151BBF15003620E0 = {
			isa = PBXGroup;
			children = (
				4B53B272151BBF15003620E0 /* ACC */,
				4B53B26B151BBF15003620E0 /* Frameworks */,
				4B53B269151BBF15003620E0 /* Products */,
			);
			sourceTree = "<group>";
		};
		4B53B269151BBF15003620E0 /* Products */ = {
			isa = PBXGroup;
			children = (
				4B53B268151BBF15003620E0 /* ACC Center.app */,
			);
			name = Products;
			sourceTree = "<group>";
		};
		4B53B26B151BBF15003620E0 /* Frameworks */ = {
			isa = PBXGroup;
			children = (
				4BE8E43D15221EC60044D463 /* QuartzCore.framework */,
				4BE8E40415221D030044D463 /* RestKit.xcodeproj */,
				4B768B0F15220CF600A53B98 /* CoreData.framework */,
				4B768B0B15220CB100A53B98 /* libxml2.dylib */,
				4BE8E43B15221EA50044D463 /* Security.framework */,
				4B768B0915220C9D00A53B98 /* SystemConfiguration.framework */,
				4B768B0715220C9100A53B98 /* CFNetwork.framework */,
				4B768B0515220C8300A53B98 /* MobileCoreServices.framework */,
				4B53B26C151BBF15003620E0 /* UIKit.framework */,
				4B53B26E151BBF15003620E0 /* Foundation.framework */,
				4B53B270151BBF15003620E0 /* CoreGraphics.framework */,
			);
			name = Frameworks;
			sourceTree = "<group>";
		};
		4B53B272151BBF15003620E0 /* ACC */ = {
			isa = PBXGroup;
			children = (
				4B81EAF4151D1C9E00DFFEB0 /* Resources */,
				4B81EAF2151D1C9200DFFEB0 /* Classes */,
				4B53B273151BBF15003620E0 /* Supporting Files */,
			);
			path = ACC;
			sourceTree = "<group>";
		};
		4B53B273151BBF15003620E0 /* Supporting Files */ = {
			isa = PBXGroup;
			children = (
				4B53B274151BBF15003620E0 /* ACC Center-Info.plist */,
				4B53B275151BBF15003620E0 /* InfoPlist.strings */,
				4B53B278151BBF15003620E0 /* main.m */,
				4B53B27A151BBF15003620E0 /* ACC Center-Prefix.pch */,
			);
			name = "Supporting Files";
			sourceTree = "<group>";
		};
		4B768AF415212AC900A53B98 /* Domain */ = {
			isa = PBXGroup;
			children = (
				4B77F1BD152CF76700FAB9D6 /* Project.h */,
				4B77F1BE152CF76700FAB9D6 /* Project.m */,
				4B77F1BF152CF76800FAB9D6 /* Portfolio.h */,
				4B77F1C0152CF76800FAB9D6 /* Portfolio.m */,
				4B768AFB15212B8F00A53B98 /* Application.h */,
				4B768AFC15212B8F00A53B98 /* Application.m */,
				4B768AFE152130A200A53B98 /* ApplicationType.h */,
				4B768AFF152130A200A53B98 /* ApplicationType.m */,
				4B77F193152CA78800FAB9D6 /* ProjectType.h */,
				4B77F194152CA78800FAB9D6 /* ProjectType.m */,
				4B77F196152CA7F700FAB9D6 /* ProjectSize.h */,
				4B77F197152CA7F800FAB9D6 /* ProjectSize.m */,
				4BB39AFC1534EC28007CDE55 /* ProjectGroup.h */,
				4BB39AFD1534EC28007CDE55 /* ProjectGroup.m */,
			);
			name = Domain;
			path = ..;
			sourceTree = "<group>";
		};
		4B81EAF2151D1C9200DFFEB0 /* Classes */ = {
			isa = PBXGroup;
			children = (
				4B768AF415212AC900A53B98 /* Domain */,
				4B768AF31521297300A53B98 /* SBICatalog.h */,
				4B53B27B151BBF15003620E0 /* SBIAppDelegate.h */,
				4B53B27C151BBF15003620E0 /* SBIAppDelegate.m */,
				4B53B27E151BBF15003620E0 /* SBILoginViewController.h */,
				4B53B27F151BBF15003620E0 /* SBILoginViewController.m */,
				4B53B28D151BCCDA003620E0 /* RootViewController.h */,
				4B53B28E151BCCDA003620E0 /* RootViewController.m */,
				4B53B290151BCD75003620E0 /* DetailViewController.h */,
				4B53B291151BCD75003620E0 /* DetailViewController.m */,
				4B53B296151BCEDB003620E0 /* RootLevel1.h */,
				4B53B297151BCEDB003620E0 /* RootLevel1.m */,
				4B53B29B151BCF26003620E0 /* DetailLevel1.h */,
				4B53B29C151BCF26003620E0 /* DetailLevel1.m */,
				4B53B2A4151BD119003620E0 /* RootLevel2.h */,
				4B53B2A5151BD119003620E0 /* RootLevel2.m */,
				4B53B2A9151BD153003620E0 /* DetailLevel2.h */,
				4B53B2AA151BD154003620E0 /* DetailLevel2.m */,
				4B342A94153C6A13000EDDDB /* EGORefreshTableHeaderView.h */,
				4B342A95153C6A13000EDDDB /* EGORefreshTableHeaderView.m */,
			);
			name = Classes;
			sourceTree = "<group>";
		};
		4B81EAF4151D1C9E00DFFEB0 /* Resources */ = {
			isa = PBXGroup;
			children = (
				4B342A97153C7544000EDDDB /* whiteArrow@2x.png */,
				4B342A98153C7544000EDDDB /* whiteArrow.png */,
				4B342A99153C7544000EDDDB /* grayArrow@2x.png */,
				4B342A9A153C7544000EDDDB /* grayArrow.png */,
				4B342A9B153C7544000EDDDB /* blueArrow@2x.png */,
				4B342A9C153C7544000EDDDB /* blueArrow.png */,
				4B342A9D153C7544000EDDDB /* blackArrow@2x.png */,
				4B342A9E153C7545000EDDDB /* blackArrow.png */,
				4B81EAF9151D203600DFFEB0 /* sbi_icon.png */,
				4B81EAFA151D203600DFFEB0 /* scotiabank_logo.png */,
				4B53B2BA151CDED2003620E0 /* MainWindow.xib */,
				4B300638152BA3CF0090CC9E /* SBILoginViewController.xib */,
				4B43E5E11534ABAA00D19AD3 /* RootView.xib */,
				4B53B2BC151CEC9B003620E0 /* DetailView.xib */,
				4B53B298151BCEDC003620E0 /* RootLevel1.xib */,
				4B53B29D151BCF27003620E0 /* DetailLevel1.xib */,
				4B53B2A6151BD11A003620E0 /* RootLevel2.xib */,
				4B53B2AB151BD155003620E0 /* DetailLevel2.xib */,
			);
			name = Resources;
			sourceTree = "<group>";
		};
		4BE8E40515221D030044D463 /* Products */ = {
			isa = PBXGroup;
			children = (
				4BE8E41915221D030044D463 /* libRestKitNetwork.a */,
				4BE8E41B15221D030044D463 /* libRestKitObjectMapping.a */,
				4BE8E41D15221D030044D463 /* libRestKitSupport.a */,
				4BE8E41F15221D030044D463 /* libRestKitJSONParser+NXJSON.a */,
				4BE8E42115221D030044D463 /* libRestKitJSONParserYAJL.a */,
				4BE8E42315221D030044D463 /* libRestKitJSONParserSBJSON.a */,
				4BE8E42515221D030044D463 /* libRestKitJSONParserJSONKit.a */,
				4BE8E42715221D030044D463 /* libRestKitXMLParserLibxml.a */,
				4BE8E42915221D030044D463 /* libRestKitCoreData.a */,
				4BE8E42B15221D030044D463 /* libRestKitThree20.a */,
				4BE8E42D15221D030044D463 /* UISpec.app */,
			);
			name = Products;
			sourceTree = "<group>";
		};
/* End PBXGroup section */

/* Begin PBXNativeTarget section */
		4B53B267151BBF15003620E0 /* ACC Center */ = {
			isa = PBXNativeTarget;
			buildConfigurationList = 4B53B286151BBF15003620E0 /* Build configuration list for PBXNativeTarget "ACC Center" */;
			buildPhases = (
				4B53B264151BBF15003620E0 /* Sources */,
				4B53B265151BBF15003620E0 /* Frameworks */,
				4B53B266151BBF15003620E0 /* Resources */,
			);
			buildRules = (
			);
			dependencies = (
				4BE8E43415221D330044D463 /* PBXTargetDependency */,
			);
			name = "ACC Center";
			productName = ACC;
			productReference = 4B53B268151BBF15003620E0 /* ACC Center.app */;
			productType = "com.apple.product-type.application";
		};
/* End PBXNativeTarget section */

/* Begin PBXProject section */
		4B53B25F151BBF15003620E0 /* Project object */ = {
			isa = PBXProject;
			attributes = {
				LastUpgradeCheck = 0420;
				ORGANIZATIONNAME = Scotiabank;
			};
			buildConfigurationList = 4B53B262151BBF15003620E0 /* Build configuration list for PBXProject "ACC Center" */;
			compatibilityVersion = "Xcode 3.2";
			developmentRegion = English;
			hasScannedForEncodings = 0;
			knownRegions = (
				en,
			);
			mainGroup = 4B53B25D151BBF15003620E0;
			productRefGroup = 4B53B269151BBF15003620E0 /* Products */;
			projectDirPath = "";
			projectReferences = (
				{
					ProductGroup = 4BE8E40515221D030044D463 /* Products */;
					ProjectRef = 4BE8E40415221D030044D463 /* RestKit.xcodeproj */;
				},
			);
			projectRoot = "";
			targets = (
				4B53B267151BBF15003620E0 /* ACC Center */,
			);
		};
/* End PBXProject section */

/* Begin PBXReferenceProxy section */
		4BE8E41915221D030044D463 /* libRestKitNetwork.a */ = {
			isa = PBXReferenceProxy;
			fileType = archive.ar;
			path = libRestKitNetwork.a;
			remoteRef = 4BE8E41815221D030044D463 /* PBXContainerItemProxy */;
			sourceTree = BUILT_PRODUCTS_DIR;
		};
		4BE8E41B15221D030044D463 /* libRestKitObjectMapping.a */ = {
			isa = PBXReferenceProxy;
			fileType = archive.ar;
			path = libRestKitObjectMapping.a;
			remoteRef = 4BE8E41A15221D030044D463 /* PBXContainerItemProxy */;
			sourceTree = BUILT_PRODUCTS_DIR;
		};
		4BE8E41D15221D030044D463 /* libRestKitSupport.a */ = {
			isa = PBXReferenceProxy;
			fileType = archive.ar;
			path = libRestKitSupport.a;
			remoteRef = 4BE8E41C15221D030044D463 /* PBXContainerItemProxy */;
			sourceTree = BUILT_PRODUCTS_DIR;
		};
		4BE8E41F15221D030044D463 /* libRestKitJSONParser+NXJSON.a */ = {
			isa = PBXReferenceProxy;
			fileType = archive.ar;
			name = "libRestKitJSONParser+NXJSON.a";
			path = libRestKitJSONParserNXJSON.a;
			remoteRef = 4BE8E41E15221D030044D463 /* PBXContainerItemProxy */;
			sourceTree = BUILT_PRODUCTS_DIR;
		};
		4BE8E42115221D030044D463 /* libRestKitJSONParserYAJL.a */ = {
			isa = PBXReferenceProxy;
			fileType = archive.ar;
			path = libRestKitJSONParserYAJL.a;
			remoteRef = 4BE8E42015221D030044D463 /* PBXContainerItemProxy */;
			sourceTree = BUILT_PRODUCTS_DIR;
		};
		4BE8E42315221D030044D463 /* libRestKitJSONParserSBJSON.a */ = {
			isa = PBXReferenceProxy;
			fileType = archive.ar;
			path = libRestKitJSONParserSBJSON.a;
			remoteRef = 4BE8E42215221D030044D463 /* PBXContainerItemProxy */;
			sourceTree = BUILT_PRODUCTS_DIR;
		};
		4BE8E42515221D030044D463 /* libRestKitJSONParserJSONKit.a */ = {
			isa = PBXReferenceProxy;
			fileType = archive.ar;
			path = libRestKitJSONParserJSONKit.a;
			remoteRef = 4BE8E42415221D030044D463 /* PBXContainerItemProxy */;
			sourceTree = BUILT_PRODUCTS_DIR;
		};
		4BE8E42715221D030044D463 /* libRestKitXMLParserLibxml.a */ = {
			isa = PBXReferenceProxy;
			fileType = archive.ar;
			path = libRestKitXMLParserLibxml.a;
			remoteRef = 4BE8E42615221D030044D463 /* PBXContainerItemProxy */;
			sourceTree = BUILT_PRODUCTS_DIR;
		};
		4BE8E42915221D030044D463 /* libRestKitCoreData.a */ = {
			isa = PBXReferenceProxy;
			fileType = archive.ar;
			path = libRestKitCoreData.a;
			remoteRef = 4BE8E42815221D030044D463 /* PBXContainerItemProxy */;
			sourceTree = BUILT_PRODUCTS_DIR;
		};
		4BE8E42B15221D030044D463 /* libRestKitThree20.a */ = {
			isa = PBXReferenceProxy;
			fileType = archive.ar;
			path = libRestKitThree20.a;
			remoteRef = 4BE8E42A15221D030044D463 /* PBXContainerItemProxy */;
			sourceTree = BUILT_PRODUCTS_DIR;
		};
		4BE8E42D15221D030044D463 /* UISpec.app */ = {
			isa = PBXReferenceProxy;
			fileType = wrapper.application;
			path = UISpec.app;
			remoteRef = 4BE8E42C15221D030044D463 /* PBXContainerItemProxy */;
			sourceTree = BUILT_PRODUCTS_DIR;
		};
/* End PBXReferenceProxy section */

/* Begin PBXResourcesBuildPhase section */
		4B53B266151BBF15003620E0 /* Resources */ = {
			isa = PBXResourcesBuildPhase;
			buildActionMask = 2147483647;
			files = (
				4B53B277151BBF15003620E0 /* InfoPlist.strings in Resources */,
				4B300637152BA3CF0090CC9E /* SBILoginViewController.xib in Resources */,
				4B53B29A151BCEDC003620E0 /* RootLevel1.xib in Resources */,
				4B53B29F151BCF27003620E0 /* DetailLevel1.xib in Resources */,
				4B53B2A8151BD11A003620E0 /* RootLevel2.xib in Resources */,
				4B53B2AD151BD155003620E0 /* DetailLevel2.xib in Resources */,
				4B53B2BB151CDED4003620E0 /* MainWindow.xib in Resources */,
				4B53B2BD151CEC9C003620E0 /* DetailView.xib in Resources */,
				4B81EAFB151D203600DFFEB0 /* sbi_icon.png in Resources */,
				4B81EAFC151D203600DFFEB0 /* scotiabank_logo.png in Resources */,
				4B43E5E21534ABAA00D19AD3 /* RootView.xib in Resources */,
				4B342A9F153C7545000EDDDB /* whiteArrow@2x.png in Resources */,
				4B342AA0153C7545000EDDDB /* whiteArrow.png in Resources */,
				4B342AA1153C7545000EDDDB /* grayArrow@2x.png in Resources */,
				4B342AA2153C7545000EDDDB /* grayArrow.png in Resources */,
				4B342AA3153C7545000EDDDB /* blueArrow@2x.png in Resources */,
				4B342AA4153C7545000EDDDB /* blueArrow.png in Resources */,
				4B342AA5153C7545000EDDDB /* blackArrow@2x.png in Resources */,
				4B342AA6153C7545000EDDDB /* blackArrow.png in Resources */,
			);
			runOnlyForDeploymentPostprocessing = 0;
		};
/* End PBXResourcesBuildPhase section */

/* Begin PBXSourcesBuildPhase section */
		4B53B264151BBF15003620E0 /* Sources */ = {
			isa = PBXSourcesBuildPhase;
			buildActionMask = 2147483647;
			files = (
				4B53B279151BBF15003620E0 /* main.m in Sources */,
				4B53B27D151BBF15003620E0 /* SBIAppDelegate.m in Sources */,
				4B53B280151BBF15003620E0 /* SBILoginViewController.m in Sources */,
				4B53B28F151BCCDA003620E0 /* RootViewController.m in Sources */,
				4B53B292151BCD75003620E0 /* DetailViewController.m in Sources */,
				4B53B299151BCEDC003620E0 /* RootLevel1.m in Sources */,
				4B53B29E151BCF27003620E0 /* DetailLevel1.m in Sources */,
				4B53B2A7151BD11A003620E0 /* RootLevel2.m in Sources */,
				4B53B2AC151BD155003620E0 /* DetailLevel2.m in Sources */,
				4B768AFD15212B8F00A53B98 /* Application.m in Sources */,
				4B768B00152130A200A53B98 /* ApplicationType.m in Sources */,
				4B77F195152CA78900FAB9D6 /* ProjectType.m in Sources */,
				4B77F198152CA7F800FAB9D6 /* ProjectSize.m in Sources */,
				4B77F1C1152CF76800FAB9D6 /* Project.m in Sources */,
				4B77F1C2152CF76800FAB9D6 /* Portfolio.m in Sources */,
				4BB39AFE1534EC28007CDE55 /* ProjectGroup.m in Sources */,
				4B342A96153C6A13000EDDDB /* EGORefreshTableHeaderView.m in Sources */,
			);
			runOnlyForDeploymentPostprocessing = 0;
		};
/* End PBXSourcesBuildPhase section */

/* Begin PBXTargetDependency section */
		4BE8E43415221D330044D463 /* PBXTargetDependency */ = {
			isa = PBXTargetDependency;
			name = RestKit;
			targetProxy = 4BE8E43315221D330044D463 /* PBXContainerItemProxy */;
		};
/* End PBXTargetDependency section */

/* Begin PBXVariantGroup section */
		4B53B275151BBF15003620E0 /* InfoPlist.strings */ = {
			isa = PBXVariantGroup;
			children = (
				4B53B276151BBF15003620E0 /* en */,
			);
			name = InfoPlist.strings;
			sourceTree = "<group>";
		};
/* End PBXVariantGroup section */

/* Begin XCBuildConfiguration section */
		4B53B284151BBF15003620E0 /* Debug */ = {
			isa = XCBuildConfiguration;
			buildSettings = {
				ALWAYS_SEARCH_USER_PATHS = NO;
				ARCHS = "$(ARCHS_STANDARD_32_BIT)";
				CLANG_ENABLE_OBJC_ARC = YES;
				"CODE_SIGN_IDENTITY[sdk=iphoneos*]" = "iPhone Developer";
				COPY_PHASE_STRIP = NO;
				GCC_C_LANGUAGE_STANDARD = gnu99;
				GCC_DYNAMIC_NO_PIC = NO;
				GCC_OPTIMIZATION_LEVEL = 0;
				GCC_PREPROCESSOR_DEFINITIONS = (
					"DEBUG=1",
					"$(inherited)",
				);
				GCC_SYMBOLS_PRIVATE_EXTERN = NO;
				GCC_VERSION = com.apple.compilers.llvm.clang.1_0;
				GCC_WARN_ABOUT_MISSING_PROTOTYPES = YES;
				GCC_WARN_ABOUT_RETURN_TYPE = YES;
				GCC_WARN_UNUSED_VARIABLE = YES;
				IPHONEOS_DEPLOYMENT_TARGET = 5.1;
				SDKROOT = iphoneos;
				TARGETED_DEVICE_FAMILY = 2;
			};
			name = Debug;
		};
		4B53B285151BBF15003620E0 /* Release */ = {
			isa = XCBuildConfiguration;
			buildSettings = {
				ALWAYS_SEARCH_USER_PATHS = NO;
				ARCHS = "$(ARCHS_STANDARD_32_BIT)";
				CLANG_ENABLE_OBJC_ARC = YES;
				"CODE_SIGN_IDENTITY[sdk=iphoneos*]" = "iPhone Developer";
				COPY_PHASE_STRIP = YES;
				GCC_C_LANGUAGE_STANDARD = gnu99;
				GCC_VERSION = com.apple.compilers.llvm.clang.1_0;
				GCC_WARN_ABOUT_MISSING_PROTOTYPES = YES;
				GCC_WARN_ABOUT_RETURN_TYPE = YES;
				GCC_WARN_UNUSED_VARIABLE = YES;
				IPHONEOS_DEPLOYMENT_TARGET = 5.1;
				OTHER_CFLAGS = "-DNS_BLOCK_ASSERTIONS=1";
				SDKROOT = iphoneos;
				TARGETED_DEVICE_FAMILY = 2;
				VALIDATE_PRODUCT = YES;
			};
			name = Release;
		};
		4B53B287151BBF15003620E0 /* Debug */ = {
			isa = XCBuildConfiguration;
			buildSettings = {
				GCC_PRECOMPILE_PREFIX_HEADER = YES;
				GCC_PREFIX_HEADER = "ACC/ACC Center-Prefix.pch";
				HEADER_SEARCH_PATHS = "$(SOURCE_ROOT)/RestKit-RestKit-991bd5c/Build";
				INFOPLIST_FILE = "ACC/ACC Center-Info.plist";
				IPHONEOS_DEPLOYMENT_TARGET = 5.1;
				OTHER_LDFLAGS = (
					"-ObjC",
					"-all_load",
				);
				PRODUCT_NAME = "ACC Center";
				WRAPPER_EXTENSION = app;
			};
			name = Debug;
		};
		4B53B288151BBF15003620E0 /* Release */ = {
			isa = XCBuildConfiguration;
			buildSettings = {
				GCC_PRECOMPILE_PREFIX_HEADER = YES;
				GCC_PREFIX_HEADER = "ACC/ACC Center-Prefix.pch";
				HEADER_SEARCH_PATHS = "$(SOURCE_ROOT)/RestKit-RestKit-991bd5c/Build";
				INFOPLIST_FILE = "ACC/ACC Center-Info.plist";
				IPHONEOS_DEPLOYMENT_TARGET = 5.1;
				OTHER_LDFLAGS = (
					"-ObjC",
					"-all_load",
				);
				PRODUCT_NAME = "ACC Center";
				WRAPPER_EXTENSION = app;
			};
			name = Release;
		};
/* End XCBuildConfiguration section */

/* Begin XCConfigurationList section */
		4B53B262151BBF15003620E0 /* Build configuration list for PBXProject "ACC Center" */ = {
			isa = XCConfigurationList;
			buildConfigurations = (
				4B53B284151BBF15003620E0 /* Debug */,
				4B53B285151BBF15003620E0 /* Release */,
			);
			defaultConfigurationIsVisible = 0;
			defaultConfigurationName = Release;
		};
		4B53B286151BBF15003620E0 /* Build configuration list for PBXNativeTarget "ACC Center" */ = {
			isa = XCConfigurationList;
			buildConfigurations = (
				4B53B287151BBF15003620E0 /* Debug */,
				4B53B288151BBF15003620E0 /* Release */,
			);
			defaultConfigurationIsVisible = 0;
			defaultConfigurationName = Release;
		};
/* End XCConfigurationList section */
	};
	rootObject = 4B53B25F151BBF15003620E0 /* Project object */;
}
